
Microsoft Visual Studio Solution File, Format Version 12.00
# Visual Studio 2012
Project("{FAE04EC0-301F-11D3-BF4B-00C04F79EFBC}") = "02. ExceptionsHomework", "ExceptionsHomework\02. ExceptionsHomework.csproj", "{A81B29B4-1268-486A-9C3B-05D3C33A6FE2}"
EndProject
Project("{FAE04EC0-301F-11D3-BF4B-00C04F79EFBC}") = "01. AssertionsHomework", "AssertionsHomework\01. AssertionsHomework.csproj", "{CA7957D0-728B-41AF-8929-F56184524A1B}"
EndProject
Global
	GlobalSection(SolutionConfigurationPlatforms) = preSolution
		Debug|Any CPU = Debug|Any CPU
		Release|Any CPU = Release|Any CPU
	EndGlobalSection
	GlobalSection(ProjectConfigurationPlatforms) = postSolution
		{A81B29B4-1268-486A-9C3B-05D3C33A6FE2}.Debug|Any CPU.ActiveCfg = Debug|Any CPU
		{A81B29B4-1268-486A-9C3B-05D3C33A6FE2}.Debug|Any CPU.Build.0 = Debug|Any CPU
		{A81B29B4-1268-486A-9C3B-05D3C33A6FE2}.Release|Any CPU.ActiveCfg = Release|Any CPU
		{A81B29B4-1268-486A-9C3B-05D3C33A6FE2}.Release|Any CPU.Build.0 = Release|Any CPU
		{CA7957D0-728B-41AF-8929-F56184524A1B}.Debug|Any CPU.ActiveCfg = Debug|Any CPU
		{CA7957D0-728B-41AF-8929-F56184524A1B}.Debug|Any CPU.Build.0 = Debug|Any CPU
		{CA7957D0-728B-41AF-8929-F56184524A1B}.Release|Any CPU.ActiveCfg = Release|Any CPU
		{CA7957D0-728B-41AF-8929-F56184524A1B}.Release|Any CPU.Build.0 = Release|Any CPU
	EndGlobalSection
	GlobalSection(SolutionProperties) = preSolution
		HideSolutionNode = FALSE
	EndGlobalSection
EndGlobal
