
Microsoft Visual Studio Solution File, Format Version 12.00
# Visual Studio 2013
VisualStudioVersion = 12.0.20827.3
MinimumVisualStudioVersion = 10.0.40219.1
Project("{FAE04EC0-301F-11D3-BF4B-00C04F79EFBC}") = "01. EmployeesOrdersWithAJAX", "EmployeesOrdersWithAJAX\01. EmployeesOrdersWithAJAX.csproj", "{197685DB-921B-4E4E-8C97-6752C56ED285}"
EndProject
Project("{FAE04EC0-301F-11D3-BF4B-00C04F79EFBC}") = "02. SimpleChatWithAjax", "SimpleChatWithAjax\02. SimpleChatWithAjax.csproj", "{79DC5E66-DBB7-47C6-8E18-D770F845AECE}"
EndProject
Project("{2150E333-8FDC-42A3-9474-1A3956D46DE8}") = ".nuget", ".nuget", "{1A42EFBF-BF64-4656-B5B3-6AEBB9F29C87}"
	ProjectSection(SolutionItems) = preProject
		.nuget\NuGet.Config = .nuget\NuGet.Config
		.nuget\NuGet.exe = .nuget\NuGet.exe
		.nuget\NuGet.targets = .nuget\NuGet.targets
	EndProjectSection
EndProject
Global
	GlobalSection(SolutionConfigurationPlatforms) = preSolution
		Debug|Any CPU = Debug|Any CPU
		Release|Any CPU = Release|Any CPU
	EndGlobalSection
	GlobalSection(ProjectConfigurationPlatforms) = postSolution
		{197685DB-921B-4E4E-8C97-6752C56ED285}.Debug|Any CPU.ActiveCfg = Debug|Any CPU
		{197685DB-921B-4E4E-8C97-6752C56ED285}.Debug|Any CPU.Build.0 = Debug|Any CPU
		{197685DB-921B-4E4E-8C97-6752C56ED285}.Release|Any CPU.ActiveCfg = Release|Any CPU
		{197685DB-921B-4E4E-8C97-6752C56ED285}.Release|Any CPU.Build.0 = Release|Any CPU
		{79DC5E66-DBB7-47C6-8E18-D770F845AECE}.Debug|Any CPU.ActiveCfg = Debug|Any CPU
		{79DC5E66-DBB7-47C6-8E18-D770F845AECE}.Debug|Any CPU.Build.0 = Debug|Any CPU
		{79DC5E66-DBB7-47C6-8E18-D770F845AECE}.Release|Any CPU.ActiveCfg = Release|Any CPU
		{79DC5E66-DBB7-47C6-8E18-D770F845AECE}.Release|Any CPU.Build.0 = Release|Any CPU
	EndGlobalSection
	GlobalSection(SolutionProperties) = preSolution
		HideSolutionNode = FALSE
	EndGlobalSection
EndGlobal
