
Microsoft Visual Studio Solution File, Format Version 12.00
# Visual Studio 2012
Project("{FAE04EC0-301F-11D3-BF4B-00C04F79EFBC}") = "DevToolsDemo", "DevToolsDemo\DevToolsDemo.csproj", "{FDAC594C-A74B-48A4-B190-D093BA3FDA29}"
EndProject
Project("{FAE04EC0-301F-11D3-BF4B-00C04F79EFBC}") = "T4Demo", "T4Demo\T4Demo.csproj", "{9350866C-F056-43B3-953C-A69B71B4D5F0}"
EndProject
Global
	GlobalSection(SolutionConfigurationPlatforms) = preSolution
		Debug|Any CPU = Debug|Any CPU
		Release|Any CPU = Release|Any CPU
	EndGlobalSection
	GlobalSection(ProjectConfigurationPlatforms) = postSolution
		{FDAC594C-A74B-48A4-B190-D093BA3FDA29}.Debug|Any CPU.ActiveCfg = Debug|Any CPU
		{FDAC594C-A74B-48A4-B190-D093BA3FDA29}.Debug|Any CPU.Build.0 = Debug|Any CPU
		{FDAC594C-A74B-48A4-B190-D093BA3FDA29}.Release|Any CPU.ActiveCfg = Release|Any CPU
		{FDAC594C-A74B-48A4-B190-D093BA3FDA29}.Release|Any CPU.Build.0 = Release|Any CPU
		{9350866C-F056-43B3-953C-A69B71B4D5F0}.Debug|Any CPU.ActiveCfg = Debug|Any CPU
		{9350866C-F056-43B3-953C-A69B71B4D5F0}.Debug|Any CPU.Build.0 = Debug|Any CPU
		{9350866C-F056-43B3-953C-A69B71B4D5F0}.Release|Any CPU.ActiveCfg = Release|Any CPU
		{9350866C-F056-43B3-953C-A69B71B4D5F0}.Release|Any CPU.Build.0 = Release|Any CPU
	EndGlobalSection
	GlobalSection(SolutionProperties) = preSolution
		HideSolutionNode = FALSE
	EndGlobalSection
EndGlobal
