
Microsoft Visual Studio Solution File, Format Version 12.00
# Visual Studio 2012
Project("{FAE04EC0-301F-11D3-BF4B-00C04F79EFBC}") = "04. Mineswe", "NamingIdentifiers\04. Mineswe.csproj", "{FE637121-69FE-498F-83FF-155AB39A4336}"
EndProject
Project("{FAE04EC0-301F-11D3-BF4B-00C04F79EFBC}") = "01. Refactor-Class123", "Refactor-Class123\01. Refactor-Class123.csproj", "{49409D79-CEC4-4ACA-A115-97CA4761ABA5}"
EndProject
Project("{FAE04EC0-301F-11D3-BF4B-00C04F79EFBC}") = "02. Refactor-Human", "Refactor-Human\02. Refactor-Human.csproj", "{45703C36-5D11-436F-8CDE-BC8824C21631}"
EndProject
Project("{E24C65DC-7377-472B-9ABA-BC803B73C61A}") = "Refactor-JavaScript", "http://localhost:6287", "{CB9B7176-5A08-4212-976E-0FB90A78D39A}"
	ProjectSection(WebsiteProperties) = preProject
		UseIISExpress = "true"
		TargetFrameworkMoniker = ".NETFramework,Version%3Dv4.5"
		Debug.AspNetCompiler.VirtualPath = "/localhost_6287"
		Debug.AspNetCompiler.PhysicalPath = "Refactor-JavaScript\"
		Debug.AspNetCompiler.TargetPath = "PrecompiledWeb\localhost_6287\"
		Debug.AspNetCompiler.Updateable = "true"
		Debug.AspNetCompiler.ForceOverwrite = "true"
		Debug.AspNetCompiler.FixedNames = "false"
		Debug.AspNetCompiler.Debug = "True"
		Release.AspNetCompiler.VirtualPath = "/localhost_6287"
		Release.AspNetCompiler.PhysicalPath = "Refactor-JavaScript\"
		Release.AspNetCompiler.TargetPath = "PrecompiledWeb\localhost_6287\"
		Release.AspNetCompiler.Updateable = "true"
		Release.AspNetCompiler.ForceOverwrite = "true"
		Release.AspNetCompiler.FixedNames = "false"
		Release.AspNetCompiler.Debug = "False"
		SlnRelativePath = "Refactor-JavaScript\"
		DefaultWebSiteLanguage = "Visual C#"
	EndProjectSection
EndProject
Project("{FAE04EC0-301F-11D3-BF4B-00C04F79EFBC}") = "04.MinesweeperGame", "MinesweeperGame\04.MinesweeperGame.csproj", "{5CF39C2A-3058-4A53-AC89-39F8AEEC7247}"
EndProject
Global
	GlobalSection(SolutionConfigurationPlatforms) = preSolution
		Debug|Any CPU = Debug|Any CPU
		Release|Any CPU = Release|Any CPU
	EndGlobalSection
	GlobalSection(ProjectConfigurationPlatforms) = postSolution
		{FE637121-69FE-498F-83FF-155AB39A4336}.Debug|Any CPU.ActiveCfg = Debug|Any CPU
		{FE637121-69FE-498F-83FF-155AB39A4336}.Debug|Any CPU.Build.0 = Debug|Any CPU
		{FE637121-69FE-498F-83FF-155AB39A4336}.Release|Any CPU.ActiveCfg = Release|Any CPU
		{FE637121-69FE-498F-83FF-155AB39A4336}.Release|Any CPU.Build.0 = Release|Any CPU
		{49409D79-CEC4-4ACA-A115-97CA4761ABA5}.Debug|Any CPU.ActiveCfg = Debug|Any CPU
		{49409D79-CEC4-4ACA-A115-97CA4761ABA5}.Debug|Any CPU.Build.0 = Debug|Any CPU
		{49409D79-CEC4-4ACA-A115-97CA4761ABA5}.Release|Any CPU.ActiveCfg = Release|Any CPU
		{49409D79-CEC4-4ACA-A115-97CA4761ABA5}.Release|Any CPU.Build.0 = Release|Any CPU
		{45703C36-5D11-436F-8CDE-BC8824C21631}.Debug|Any CPU.ActiveCfg = Debug|Any CPU
		{45703C36-5D11-436F-8CDE-BC8824C21631}.Debug|Any CPU.Build.0 = Debug|Any CPU
		{45703C36-5D11-436F-8CDE-BC8824C21631}.Release|Any CPU.ActiveCfg = Release|Any CPU
		{45703C36-5D11-436F-8CDE-BC8824C21631}.Release|Any CPU.Build.0 = Release|Any CPU
		{CB9B7176-5A08-4212-976E-0FB90A78D39A}.Debug|Any CPU.ActiveCfg = Debug|Any CPU
		{CB9B7176-5A08-4212-976E-0FB90A78D39A}.Debug|Any CPU.Build.0 = Debug|Any CPU
		{CB9B7176-5A08-4212-976E-0FB90A78D39A}.Release|Any CPU.ActiveCfg = Debug|Any CPU
		{CB9B7176-5A08-4212-976E-0FB90A78D39A}.Release|Any CPU.Build.0 = Debug|Any CPU
		{5CF39C2A-3058-4A53-AC89-39F8AEEC7247}.Debug|Any CPU.ActiveCfg = Debug|Any CPU
		{5CF39C2A-3058-4A53-AC89-39F8AEEC7247}.Debug|Any CPU.Build.0 = Debug|Any CPU
		{5CF39C2A-3058-4A53-AC89-39F8AEEC7247}.Release|Any CPU.ActiveCfg = Release|Any CPU
		{5CF39C2A-3058-4A53-AC89-39F8AEEC7247}.Release|Any CPU.Build.0 = Release|Any CPU
	EndGlobalSection
	GlobalSection(SolutionProperties) = preSolution
		HideSolutionNode = FALSE
	EndGlobalSection
EndGlobal
