
Microsoft Visual Studio Solution File, Format Version 12.00
# Visual Studio 2012
Project("{FAE04EC0-301F-11D3-BF4B-00C04F79EFBC}") = "01. PriorityQueueImplementation", "PriorityQueueImplementation\01. PriorityQueueImplementation.csproj", "{9561061E-5E52-4F65-83D5-39D8CC18658B}"
EndProject
Global
	GlobalSection(SolutionConfigurationPlatforms) = preSolution
		Debug|Any CPU = Debug|Any CPU
		Release|Any CPU = Release|Any CPU
	EndGlobalSection
	GlobalSection(ProjectConfigurationPlatforms) = postSolution
		{9561061E-5E52-4F65-83D5-39D8CC18658B}.Debug|Any CPU.ActiveCfg = Debug|Any CPU
		{9561061E-5E52-4F65-83D5-39D8CC18658B}.Debug|Any CPU.Build.0 = Debug|Any CPU
		{9561061E-5E52-4F65-83D5-39D8CC18658B}.Release|Any CPU.ActiveCfg = Release|Any CPU
		{9561061E-5E52-4F65-83D5-39D8CC18658B}.Release|Any CPU.Build.0 = Release|Any CPU
	EndGlobalSection
	GlobalSection(SolutionProperties) = preSolution
		HideSolutionNode = FALSE
	EndGlobalSection
EndGlobal
