
Microsoft Visual Studio Solution File, Format Version 12.00
# Visual Studio 2013
VisualStudioVersion = 12.0.20623.1 VSUPREVIEW
MinimumVisualStudioVersion = 10.0.40219.1
Project("{FAE04EC0-301F-11D3-BF4B-00C04F79EFBC}") = "01. SearchCars", "SearchCars\01. SearchCars.csproj", "{3F6F199D-2CFF-4119-8E42-BB95EF37ADF7}"
EndProject
Project("{FAE04EC0-301F-11D3-BF4B-00C04F79EFBC}") = "02. EmployeesManagement", "EmployeesManagement\02. EmployeesManagement.csproj", "{50ADA0ED-D37D-45AC-AC9E-8508BFF2C4DF}"
EndProject
Project("{FAE04EC0-301F-11D3-BF4B-00C04F79EFBC}") = "04. EmployeesSPDetails", "EmployeesSPDetails\04. EmployeesSPDetails.csproj", "{A411426E-A9C8-4D7B-91E3-523420287495}"
EndProject
Project("{FAE04EC0-301F-11D3-BF4B-00C04F79EFBC}") = "05. EmployeesWithRepeater", "EmployeesWithRepeater\05. EmployeesWithRepeater.csproj", "{E32E53AB-DE0C-43BA-A48D-AD3F18C6AA53}"
EndProject
Project("{FAE04EC0-301F-11D3-BF4B-00C04F79EFBC}") = "Northwind.Data", "Northwind.Data\Northwind.Data.csproj", "{0F6DB170-A612-406D-9E0B-0DB87BD4B489}"
EndProject
Project("{FAE04EC0-301F-11D3-BF4B-00C04F79EFBC}") = "06.EmployeesWithListView", "EmployeesWithListView\06.EmployeesWithListView.csproj", "{FD70CAB2-BD68-42B7-A20A-5EE07FCC4E2B}"
EndProject
Project("{FAE04EC0-301F-11D3-BF4B-00C04F79EFBC}") = "07. XMLTreeView", "XMLTreeView\07. XMLTreeView.csproj", "{C0A6AF77-66EF-4B68-B0A9-D478E2613688}"
EndProject
Project("{2150E333-8FDC-42A3-9474-1A3956D46DE8}") = ".nuget", ".nuget", "{AEF4F7DB-3AB1-4DC5-ACBB-0E2F00A9063B}"
	ProjectSection(SolutionItems) = preProject
		.nuget\NuGet.Config = .nuget\NuGet.Config
		.nuget\NuGet.exe = .nuget\NuGet.exe
		.nuget\NuGet.targets = .nuget\NuGet.targets
	EndProjectSection
EndProject
Global
	GlobalSection(SolutionConfigurationPlatforms) = preSolution
		Debug|Any CPU = Debug|Any CPU
		Release|Any CPU = Release|Any CPU
	EndGlobalSection
	GlobalSection(ProjectConfigurationPlatforms) = postSolution
		{3F6F199D-2CFF-4119-8E42-BB95EF37ADF7}.Debug|Any CPU.ActiveCfg = Debug|Any CPU
		{3F6F199D-2CFF-4119-8E42-BB95EF37ADF7}.Debug|Any CPU.Build.0 = Debug|Any CPU
		{3F6F199D-2CFF-4119-8E42-BB95EF37ADF7}.Release|Any CPU.ActiveCfg = Release|Any CPU
		{3F6F199D-2CFF-4119-8E42-BB95EF37ADF7}.Release|Any CPU.Build.0 = Release|Any CPU
		{50ADA0ED-D37D-45AC-AC9E-8508BFF2C4DF}.Debug|Any CPU.ActiveCfg = Debug|Any CPU
		{50ADA0ED-D37D-45AC-AC9E-8508BFF2C4DF}.Debug|Any CPU.Build.0 = Debug|Any CPU
		{50ADA0ED-D37D-45AC-AC9E-8508BFF2C4DF}.Release|Any CPU.ActiveCfg = Release|Any CPU
		{50ADA0ED-D37D-45AC-AC9E-8508BFF2C4DF}.Release|Any CPU.Build.0 = Release|Any CPU
		{A411426E-A9C8-4D7B-91E3-523420287495}.Debug|Any CPU.ActiveCfg = Debug|Any CPU
		{A411426E-A9C8-4D7B-91E3-523420287495}.Debug|Any CPU.Build.0 = Debug|Any CPU
		{A411426E-A9C8-4D7B-91E3-523420287495}.Release|Any CPU.ActiveCfg = Release|Any CPU
		{A411426E-A9C8-4D7B-91E3-523420287495}.Release|Any CPU.Build.0 = Release|Any CPU
		{E32E53AB-DE0C-43BA-A48D-AD3F18C6AA53}.Debug|Any CPU.ActiveCfg = Debug|Any CPU
		{E32E53AB-DE0C-43BA-A48D-AD3F18C6AA53}.Debug|Any CPU.Build.0 = Debug|Any CPU
		{E32E53AB-DE0C-43BA-A48D-AD3F18C6AA53}.Release|Any CPU.ActiveCfg = Release|Any CPU
		{E32E53AB-DE0C-43BA-A48D-AD3F18C6AA53}.Release|Any CPU.Build.0 = Release|Any CPU
		{0F6DB170-A612-406D-9E0B-0DB87BD4B489}.Debug|Any CPU.ActiveCfg = Debug|Any CPU
		{0F6DB170-A612-406D-9E0B-0DB87BD4B489}.Debug|Any CPU.Build.0 = Debug|Any CPU
		{0F6DB170-A612-406D-9E0B-0DB87BD4B489}.Release|Any CPU.ActiveCfg = Release|Any CPU
		{0F6DB170-A612-406D-9E0B-0DB87BD4B489}.Release|Any CPU.Build.0 = Release|Any CPU
		{FD70CAB2-BD68-42B7-A20A-5EE07FCC4E2B}.Debug|Any CPU.ActiveCfg = Debug|Any CPU
		{FD70CAB2-BD68-42B7-A20A-5EE07FCC4E2B}.Debug|Any CPU.Build.0 = Debug|Any CPU
		{FD70CAB2-BD68-42B7-A20A-5EE07FCC4E2B}.Release|Any CPU.ActiveCfg = Release|Any CPU
		{FD70CAB2-BD68-42B7-A20A-5EE07FCC4E2B}.Release|Any CPU.Build.0 = Release|Any CPU
		{C0A6AF77-66EF-4B68-B0A9-D478E2613688}.Debug|Any CPU.ActiveCfg = Debug|Any CPU
		{C0A6AF77-66EF-4B68-B0A9-D478E2613688}.Debug|Any CPU.Build.0 = Debug|Any CPU
		{C0A6AF77-66EF-4B68-B0A9-D478E2613688}.Release|Any CPU.ActiveCfg = Release|Any CPU
		{C0A6AF77-66EF-4B68-B0A9-D478E2613688}.Release|Any CPU.Build.0 = Release|Any CPU
	EndGlobalSection
	GlobalSection(SolutionProperties) = preSolution
		HideSolutionNode = FALSE
	EndGlobalSection
EndGlobal
