
Microsoft Visual Studio Solution File, Format Version 12.00
# Visual Studio 2013
VisualStudioVersion = 12.0.20623.1 VSUPREVIEW
MinimumVisualStudioVersion = 10.0.40219.1
Project("{FAE04EC0-301F-11D3-BF4B-00C04F79EFBC}") = "01. HelloASP.NET-WebForms", "HelloASP.NET\01. HelloASP.NET-WebForms.csproj", "{0A06D2C7-7692-419C-A500-69C1E8F1D036}"
EndProject
Project("{FAE04EC0-301F-11D3-BF4B-00C04F79EFBC}") = "01. HelloASP.NET-MVC", "HelloASP.NET-MVC\01. HelloASP.NET-MVC.csproj", "{7C282886-72C1-4729-813E-BDFADD352F07}"
EndProject
Project("{FAE04EC0-301F-11D3-BF4B-00C04F79EFBC}") = "01. HelloASP.NET-WebAPI", "HelloASP.NET-WebAPI\01. HelloASP.NET-WebAPI.csproj", "{236B533E-9621-4B51-8287-CDB6DEAF018E}"
EndProject
Project("{FAE04EC0-301F-11D3-BF4B-00C04F79EFBC}") = "01. HelloASP.NET-SPA", "HelloASP.NET-SPA\01. HelloASP.NET-SPA.csproj", "{7AA91A74-52A9-4A2D-B615-823A2BE6F446}"
EndProject
Project("{FAE04EC0-301F-11D3-BF4B-00C04F79EFBC}") = "02. SumNumbers-WebForms", "SumNubmbers-WebForms\02. SumNumbers-WebForms.csproj", "{4DE26C00-284F-4B9E-BBD8-EE98BDC1BCE3}"
EndProject
Project("{FAE04EC0-301F-11D3-BF4B-00C04F79EFBC}") = "02. SumNumbers-MVC", "SumNumbers-MVC\02. SumNumbers-MVC.csproj", "{A3590E58-FA44-4876-A009-67E5DA743F6B}"
EndProject
Project("{2150E333-8FDC-42A3-9474-1A3956D46DE8}") = ".nuget", ".nuget", "{898777B2-852D-4EAA-8131-2287554BFF81}"
	ProjectSection(SolutionItems) = preProject
		.nuget\NuGet.Config = .nuget\NuGet.Config
		.nuget\NuGet.exe = .nuget\NuGet.exe
		.nuget\NuGet.targets = .nuget\NuGet.targets
	EndProjectSection
EndProject
Project("{FAE04EC0-301F-11D3-BF4B-00C04F79EFBC}") = "03. CustomImageHandler", "CustomImageHandler\03. CustomImageHandler.csproj", "{8C30F374-2E97-4519-9398-22292DBE0AB0}"
EndProject
Global
	GlobalSection(SolutionConfigurationPlatforms) = preSolution
		Debug|Any CPU = Debug|Any CPU
		Release|Any CPU = Release|Any CPU
	EndGlobalSection
	GlobalSection(ProjectConfigurationPlatforms) = postSolution
		{0A06D2C7-7692-419C-A500-69C1E8F1D036}.Debug|Any CPU.ActiveCfg = Debug|Any CPU
		{0A06D2C7-7692-419C-A500-69C1E8F1D036}.Debug|Any CPU.Build.0 = Debug|Any CPU
		{0A06D2C7-7692-419C-A500-69C1E8F1D036}.Release|Any CPU.ActiveCfg = Release|Any CPU
		{0A06D2C7-7692-419C-A500-69C1E8F1D036}.Release|Any CPU.Build.0 = Release|Any CPU
		{7C282886-72C1-4729-813E-BDFADD352F07}.Debug|Any CPU.ActiveCfg = Debug|Any CPU
		{7C282886-72C1-4729-813E-BDFADD352F07}.Debug|Any CPU.Build.0 = Debug|Any CPU
		{7C282886-72C1-4729-813E-BDFADD352F07}.Release|Any CPU.ActiveCfg = Release|Any CPU
		{7C282886-72C1-4729-813E-BDFADD352F07}.Release|Any CPU.Build.0 = Release|Any CPU
		{236B533E-9621-4B51-8287-CDB6DEAF018E}.Debug|Any CPU.ActiveCfg = Debug|Any CPU
		{236B533E-9621-4B51-8287-CDB6DEAF018E}.Debug|Any CPU.Build.0 = Debug|Any CPU
		{236B533E-9621-4B51-8287-CDB6DEAF018E}.Release|Any CPU.ActiveCfg = Release|Any CPU
		{236B533E-9621-4B51-8287-CDB6DEAF018E}.Release|Any CPU.Build.0 = Release|Any CPU
		{7AA91A74-52A9-4A2D-B615-823A2BE6F446}.Debug|Any CPU.ActiveCfg = Debug|Any CPU
		{7AA91A74-52A9-4A2D-B615-823A2BE6F446}.Debug|Any CPU.Build.0 = Debug|Any CPU
		{7AA91A74-52A9-4A2D-B615-823A2BE6F446}.Release|Any CPU.ActiveCfg = Release|Any CPU
		{7AA91A74-52A9-4A2D-B615-823A2BE6F446}.Release|Any CPU.Build.0 = Release|Any CPU
		{4DE26C00-284F-4B9E-BBD8-EE98BDC1BCE3}.Debug|Any CPU.ActiveCfg = Debug|Any CPU
		{4DE26C00-284F-4B9E-BBD8-EE98BDC1BCE3}.Debug|Any CPU.Build.0 = Debug|Any CPU
		{4DE26C00-284F-4B9E-BBD8-EE98BDC1BCE3}.Release|Any CPU.ActiveCfg = Release|Any CPU
		{4DE26C00-284F-4B9E-BBD8-EE98BDC1BCE3}.Release|Any CPU.Build.0 = Release|Any CPU
		{A3590E58-FA44-4876-A009-67E5DA743F6B}.Debug|Any CPU.ActiveCfg = Debug|Any CPU
		{A3590E58-FA44-4876-A009-67E5DA743F6B}.Debug|Any CPU.Build.0 = Debug|Any CPU
		{A3590E58-FA44-4876-A009-67E5DA743F6B}.Release|Any CPU.ActiveCfg = Release|Any CPU
		{A3590E58-FA44-4876-A009-67E5DA743F6B}.Release|Any CPU.Build.0 = Release|Any CPU
		{8C30F374-2E97-4519-9398-22292DBE0AB0}.Debug|Any CPU.ActiveCfg = Debug|Any CPU
		{8C30F374-2E97-4519-9398-22292DBE0AB0}.Debug|Any CPU.Build.0 = Debug|Any CPU
		{8C30F374-2E97-4519-9398-22292DBE0AB0}.Release|Any CPU.ActiveCfg = Release|Any CPU
		{8C30F374-2E97-4519-9398-22292DBE0AB0}.Release|Any CPU.Build.0 = Release|Any CPU
	EndGlobalSection
	GlobalSection(SolutionProperties) = preSolution
		HideSolutionNode = FALSE
	EndGlobalSection
EndGlobal
