
Microsoft Visual Studio Solution File, Format Version 12.00
# Visual Studio 2013
VisualStudioVersion = 12.0.20623.1 VSUPREVIEW
MinimumVisualStudioVersion = 10.0.40219.1
Project("{FAE04EC0-301F-11D3-BF4B-00C04F79EFBC}") = "01. SimpleMasterPageDemo", "SimpleMasterPageDemo\01. SimpleMasterPageDemo.csproj", "{275DBA5D-6BAE-4BB2-A765-A3C96CBD7652}"
EndProject
Project("{FAE04EC0-301F-11D3-BF4B-00C04F79EFBC}") = "02. ComplexMasterPageDemo", "ComplexMasterPageDemo\02. ComplexMasterPageDemo.csproj", "{795BF966-C919-4EA6-840F-19BF855A525F}"
EndProject
Global
	GlobalSection(SolutionConfigurationPlatforms) = preSolution
		Debug|Any CPU = Debug|Any CPU
		Release|Any CPU = Release|Any CPU
	EndGlobalSection
	GlobalSection(ProjectConfigurationPlatforms) = postSolution
		{275DBA5D-6BAE-4BB2-A765-A3C96CBD7652}.Debug|Any CPU.ActiveCfg = Debug|Any CPU
		{275DBA5D-6BAE-4BB2-A765-A3C96CBD7652}.Debug|Any CPU.Build.0 = Debug|Any CPU
		{275DBA5D-6BAE-4BB2-A765-A3C96CBD7652}.Release|Any CPU.ActiveCfg = Release|Any CPU
		{275DBA5D-6BAE-4BB2-A765-A3C96CBD7652}.Release|Any CPU.Build.0 = Release|Any CPU
		{795BF966-C919-4EA6-840F-19BF855A525F}.Debug|Any CPU.ActiveCfg = Debug|Any CPU
		{795BF966-C919-4EA6-840F-19BF855A525F}.Debug|Any CPU.Build.0 = Debug|Any CPU
		{795BF966-C919-4EA6-840F-19BF855A525F}.Release|Any CPU.ActiveCfg = Release|Any CPU
		{795BF966-C919-4EA6-840F-19BF855A525F}.Release|Any CPU.Build.0 = Release|Any CPU
	EndGlobalSection
	GlobalSection(SolutionProperties) = preSolution
		HideSolutionNode = FALSE
	EndGlobalSection
EndGlobal
